
Microsoft Visual Studio Solution File, Format Version 12.00
# Visual Studio Version 17
VisualStudioVersion = 17.3.32922.545
MinimumVisualStudioVersion = 10.0.40219.1
Project("{FAE04EC0-301F-11D3-BF4B-00C04F79EFBC}") = "Lab6_4", "Lab6_4\Lab6_4.csproj", "{4CC4157D-5D32-43A7-BA48-1AA18E77AA7D}"
EndProject
Global
	GlobalSection(SolutionConfigurationPlatforms) = preSolution
		Debug|Any CPU = Debug|Any CPU
		Release|Any CPU = Release|Any CPU
	EndGlobalSection
	GlobalSection(ProjectConfigurationPlatforms) = postSolution
		{4CC4157D-5D32-43A7-BA48-1AA18E77AA7D}.Debug|Any CPU.ActiveCfg = Debug|Any CPU
		{4CC4157D-5D32-43A7-BA48-1AA18E77AA7D}.Debug|Any CPU.Build.0 = Debug|Any CPU
		{4CC4157D-5D32-43A7-BA48-1AA18E77AA7D}.Release|Any CPU.ActiveCfg = Release|Any CPU
		{4CC4157D-5D32-43A7-BA48-1AA18E77AA7D}.Release|Any CPU.Build.0 = Release|Any CPU
	EndGlobalSection
	GlobalSection(SolutionProperties) = preSolution
		HideSolutionNode = FALSE
	EndGlobalSection
	GlobalSection(ExtensibilityGlobals) = postSolution
		SolutionGuid = {A8985BFF-628E-4318-AA6E-A902E3BB2EAE}
	EndGlobalSection
EndGlobal
